
Microsoft Visual Studio Solution File, Format Version 12.00
# Visual Studio 2012
Project("{8BC9CEB8-8B4A-11D0-8D11-00A0C91BC942}") = "IVMM", "IVMM\IVMM.vcxproj", "{74AE19C6-0A30-49A5-971A-D1A8A3B015D9}"
EndProject
Global
	GlobalSection(SolutionConfigurationPlatforms) = preSolution
		Debug|Win32 = Debug|Win32
		Debug|x64 = Debug|x64
		Release|Win32 = Release|Win32
		Release|x64 = Release|x64
	EndGlobalSection
	GlobalSection(ProjectConfigurationPlatforms) = postSolution
		{74AE19C6-0A30-49A5-971A-D1A8A3B015D9}.Debug|Win32.ActiveCfg = Debug|Win32
		{74AE19C6-0A30-49A5-971A-D1A8A3B015D9}.Debug|Win32.Build.0 = Debug|Win32
		{74AE19C6-0A30-49A5-971A-D1A8A3B015D9}.Debug|x64.ActiveCfg = Debug|x64
		{74AE19C6-0A30-49A5-971A-D1A8A3B015D9}.Debug|x64.Build.0 = Debug|x64
		{74AE19C6-0A30-49A5-971A-D1A8A3B015D9}.Release|Win32.ActiveCfg = Release|Win32
		{74AE19C6-0A30-49A5-971A-D1A8A3B015D9}.Release|Win32.Build.0 = Release|Win32
		{74AE19C6-0A30-49A5-971A-D1A8A3B015D9}.Release|x64.ActiveCfg = Release|x64
		{74AE19C6-0A30-49A5-971A-D1A8A3B015D9}.Release|x64.Build.0 = Release|x64
	EndGlobalSection
	GlobalSection(SolutionProperties) = preSolution
		HideSolutionNode = FALSE
	EndGlobalSection
EndGlobal
